
Microsoft Visual Studio Solution File, Format Version 12.00
# Visual Studio Version 17
VisualStudioVersion = 17.10.34916.146
MinimumVisualStudioVersion = 10.0.40219.1
Project("{FAE04EC0-301F-11D3-BF4B-00C04F79EFBC}") = "Net_8_LoginApp", "Net_8_LoginApp.csproj", "{7B3E8885-1E68-491D-8399-5355D4F57A0F}"
EndProject
Global
	GlobalSection(SolutionConfigurationPlatforms) = preSolution
		Debug|Any CPU = Debug|Any CPU
		Release|Any CPU = Release|Any CPU
	EndGlobalSection
	GlobalSection(ProjectConfigurationPlatforms) = postSolution
		{7B3E8885-1E68-491D-8399-5355D4F57A0F}.Debug|Any CPU.ActiveCfg = Debug|Any CPU
		{7B3E8885-1E68-491D-8399-5355D4F57A0F}.Debug|Any CPU.Build.0 = Debug|Any CPU
		{7B3E8885-1E68-491D-8399-5355D4F57A0F}.Release|Any CPU.ActiveCfg = Release|Any CPU
		{7B3E8885-1E68-491D-8399-5355D4F57A0F}.Release|Any CPU.Build.0 = Release|Any CPU
	EndGlobalSection
	GlobalSection(SolutionProperties) = preSolution
		HideSolutionNode = FALSE
	EndGlobalSection
	GlobalSection(ExtensibilityGlobals) = postSolution
		SolutionGuid = {20E6649A-3E4D-4C4B-827F-455039A763EA}
	EndGlobalSection
EndGlobal
